
Microsoft Visual Studio Solution File, Format Version 12.00
# Visual Studio Version 16
VisualStudioVersion = 16.0.28714.193
MinimumVisualStudioVersion = 10.0.40219.1
Project("{9A19103F-16F7-4668-BE54-9A1E7A4F7556}") = "HttpClientHelpers.Library", "HttpClientHelpers.Library\HttpClientHelpers.Library.csproj", "{4C1E2902-0E1B-435D-AEAE-3FFC382D13E3}"
EndProject
Project("{9A19103F-16F7-4668-BE54-9A1E7A4F7556}") = "HttpClientHelpers.Library.Tests", "HttpClientHelpers.Library.Tests\HttpClientHelpers.Library.Tests.csproj", "{C9AFA788-9E76-49FC-B607-FE51F3244F9B}"
EndProject
Project("{2150E333-8FDC-42A3-9474-1A3956D46DE8}") = "Solution Items", "Solution Items", "{AB182D50-9605-45D6-B4F4-98B261162442}"
	ProjectSection(SolutionItems) = preProject
		..\azure-pipelines.yml = ..\azure-pipelines.yml
	EndProjectSection
EndProject
Project("{FAE04EC0-301F-11D3-BF4B-00C04F79EFBC}") = "HttpClientHelpersLibrary.IntegrationTests", "HttpClientHelpersLibrary.IntegrationTests\HttpClientHelpersLibrary.IntegrationTests.csproj", "{7A160B8A-2258-429A-815A-392D3E9F8D51}"
EndProject
Global
	GlobalSection(SolutionConfigurationPlatforms) = preSolution
		Debug|Any CPU = Debug|Any CPU
		Release|Any CPU = Release|Any CPU
	EndGlobalSection
	GlobalSection(ProjectConfigurationPlatforms) = postSolution
		{4C1E2902-0E1B-435D-AEAE-3FFC382D13E3}.Debug|Any CPU.ActiveCfg = Debug|Any CPU
		{4C1E2902-0E1B-435D-AEAE-3FFC382D13E3}.Debug|Any CPU.Build.0 = Debug|Any CPU
		{4C1E2902-0E1B-435D-AEAE-3FFC382D13E3}.Release|Any CPU.ActiveCfg = Release|Any CPU
		{4C1E2902-0E1B-435D-AEAE-3FFC382D13E3}.Release|Any CPU.Build.0 = Release|Any CPU
		{C9AFA788-9E76-49FC-B607-FE51F3244F9B}.Debug|Any CPU.ActiveCfg = Debug|Any CPU
		{C9AFA788-9E76-49FC-B607-FE51F3244F9B}.Debug|Any CPU.Build.0 = Debug|Any CPU
		{C9AFA788-9E76-49FC-B607-FE51F3244F9B}.Release|Any CPU.ActiveCfg = Release|Any CPU
		{C9AFA788-9E76-49FC-B607-FE51F3244F9B}.Release|Any CPU.Build.0 = Release|Any CPU
		{7A160B8A-2258-429A-815A-392D3E9F8D51}.Debug|Any CPU.ActiveCfg = Debug|Any CPU
		{7A160B8A-2258-429A-815A-392D3E9F8D51}.Debug|Any CPU.Build.0 = Debug|Any CPU
		{7A160B8A-2258-429A-815A-392D3E9F8D51}.Release|Any CPU.ActiveCfg = Release|Any CPU
		{7A160B8A-2258-429A-815A-392D3E9F8D51}.Release|Any CPU.Build.0 = Release|Any CPU
	EndGlobalSection
	GlobalSection(SolutionProperties) = preSolution
		HideSolutionNode = FALSE
	EndGlobalSection
	GlobalSection(ExtensibilityGlobals) = postSolution
		SolutionGuid = {DA2E7AA8-68F9-449A-94FE-EC7BE5C7D9CF}
	EndGlobalSection
EndGlobal
